
Microsoft Visual Studio Solution File, Format Version 12.00
# Visual Studio 2017
Project("{FAE04EC0-301F-11D3-BF4B-00C04F79EFBC}") = "TraccarApi", "TraccarApi.csproj", "{93E71FD1-6AB5-43AE-9782-E6FAD8CB9796}"
EndProject
Global
	GlobalSection(SolutionConfigurationPlatforms) = preSolution
		Debug|Any CPU = Debug|Any CPU
		Release|Any CPU = Release|Any CPU
	EndGlobalSection
	GlobalSection(ProjectConfigurationPlatforms) = postSolution
		{93E71FD1-6AB5-43AE-9782-E6FAD8CB9796}.Debug|Any CPU.ActiveCfg = Debug|Any CPU
		{93E71FD1-6AB5-43AE-9782-E6FAD8CB9796}.Debug|Any CPU.Build.0 = Debug|Any CPU
		{93E71FD1-6AB5-43AE-9782-E6FAD8CB9796}.Release|Any CPU.ActiveCfg = Release|Any CPU
		{93E71FD1-6AB5-43AE-9782-E6FAD8CB9796}.Release|Any CPU.Build.0 = Release|Any CPU
	EndGlobalSection
EndGlobal
